
Microsoft Visual Studio Solution File, Format Version 12.00
# Visual Studio Version 17
VisualStudioVersion = 17.0.32014.148
MinimumVisualStudioVersion = 10.0.40219.1
Project("{FAE04EC0-301F-11D3-BF4B-00C04F79EFBC}") = "SharpGlue", "SharpGlue\SharpGlue.csproj", "{EE86501F-7CEB-4580-904C-F4FF322A3655}"
EndProject
Project("{2150E333-8FDC-42A3-9474-1A3956D46DE8}") = "tests", "tests", "{9F2ADD42-DF22-4DD1-8F09-87769F8100CE}"
EndProject
Project("{FAE04EC0-301F-11D3-BF4B-00C04F79EFBC}") = "SharpGlue.Tests", "SharpGlue.Tests\SharpGlue.Tests.csproj", "{3C9D03E2-C352-4B14-9A43-4575A3B5DFC4}"
EndProject
Global
	GlobalSection(SolutionConfigurationPlatforms) = preSolution
		Debug|Any CPU = Debug|Any CPU
		Release|Any CPU = Release|Any CPU
	EndGlobalSection
	GlobalSection(ProjectConfigurationPlatforms) = postSolution
		{EE86501F-7CEB-4580-904C-F4FF322A3655}.Debug|Any CPU.ActiveCfg = Debug|Any CPU
		{EE86501F-7CEB-4580-904C-F4FF322A3655}.Debug|Any CPU.Build.0 = Debug|Any CPU
		{EE86501F-7CEB-4580-904C-F4FF322A3655}.Release|Any CPU.ActiveCfg = Release|Any CPU
		{EE86501F-7CEB-4580-904C-F4FF322A3655}.Release|Any CPU.Build.0 = Release|Any CPU
		{3C9D03E2-C352-4B14-9A43-4575A3B5DFC4}.Debug|Any CPU.ActiveCfg = Debug|Any CPU
		{3C9D03E2-C352-4B14-9A43-4575A3B5DFC4}.Debug|Any CPU.Build.0 = Debug|Any CPU
		{3C9D03E2-C352-4B14-9A43-4575A3B5DFC4}.Release|Any CPU.ActiveCfg = Release|Any CPU
		{3C9D03E2-C352-4B14-9A43-4575A3B5DFC4}.Release|Any CPU.Build.0 = Release|Any CPU
	EndGlobalSection
	GlobalSection(SolutionProperties) = preSolution
		HideSolutionNode = FALSE
	EndGlobalSection
	GlobalSection(NestedProjects) = preSolution
		{3C9D03E2-C352-4B14-9A43-4575A3B5DFC4} = {9F2ADD42-DF22-4DD1-8F09-87769F8100CE}
	EndGlobalSection
	GlobalSection(ExtensibilityGlobals) = postSolution
		SolutionGuid = {F335C5F7-E1DC-4E2D-9695-EEB3A1FED390}
	EndGlobalSection
EndGlobal
